// !$*UTF8*$!
{
	archiveVersion = 1;
	classes = {
	};
	objectVersion = 46;
	objects = {

/* Begin PBXBuildFile section */
		8053FB371DBE587E002BB0E7 /* AppDelegate.swift in Sources */ = {isa = PBXBuildFile; fileRef = 8053FB361DBE587E002BB0E7 /* AppDelegate.swift */; };
		8053FB391DBE587E002BB0E7 /* ViewController.swift in Sources */ = {isa = PBXBuildFile; fileRef = 8053FB381DBE587E002BB0E7 /* ViewController.swift */; };
		8053FB3C1DBE587E002BB0E7 /* Main.storyboard in Resources */ = {isa = PBXBuildFile; fileRef = 8053FB3A1DBE587E002BB0E7 /* Main.storyboard */; };
		8053FB3F1DBE587E002BB0E7 /* TableViewPractice.xcdatamodeld in Sources */ = {isa = PBXBuildFile; fileRef = 8053FB3D1DBE587E002BB0E7 /* TableViewPractice.xcdatamodeld */; };
		8053FB411DBE587E002BB0E7 /* Assets.xcassets in Resources */ = {isa = PBXBuildFile; fileRef = 8053FB401DBE587E002BB0E7 /* Assets.xcassets */; };
		8053FB441DBE587E002BB0E7 /* LaunchScreen.storyboard in Resources */ = {isa = PBXBuildFile; fileRef = 8053FB421DBE587E002BB0E7 /* LaunchScreen.storyboard */; };
		8053FB4F1DBE587E002BB0E7 /* TableViewPracticeTests.swift in Sources */ = {isa = PBXBuildFile; fileRef = 8053FB4E1DBE587E002BB0E7 /* TableViewPracticeTests.swift */; };
		8053FB5A1DBE587E002BB0E7 /* TableViewPracticeUITests.swift in Sources */ = {isa = PBXBuildFile; fileRef = 8053FB591DBE587E002BB0E7 /* TableViewPracticeUITests.swift */; };
		8053FB6A1DBE86AE002BB0E7 /* SecondViewController.swift in Sources */ = {isa = PBXBuildFile; fileRef = 8053FB691DBE86AE002BB0E7 /* SecondViewController.swift */; };
/* End PBXBuildFile section */

/* Begin PBXContainerItemProxy section */
		8053FB4B1DBE587E002BB0E7 /* PBXContainerItemProxy */ = {
			isa = PBXContainerItemProxy;
			containerPortal = 8053FB2B1DBE587E002BB0E7 /* Project object */;
			proxyType = 1;
			remoteGlobalIDString = 8053FB321DBE587E002BB0E7;
			remoteInfo = TableViewPractice;
		};
		8053FB561DBE587E002BB0E7 /* PBXContainerItemProxy */ = {
			isa = PBXContainerItemProxy;
			containerPortal = 8053FB2B1DBE587E002BB0E7 /* Project object */;
			proxyType = 1;
			remoteGlobalIDString = 8053FB321DBE587E002BB0E7;
			remoteInfo = TableViewPractice;
		};
/* End PBXContainerItemProxy section */

/* Begin PBXFileReference section */
		8053FB331DBE587E002BB0E7 /* TableViewPractice.app */ = {isa = PBXFileReference; explicitFileType = wrapper.application; includeInIndex = 0; path = TableViewPractice.app; sourceTree = BUILT_PRODUCTS_DIR; };
		8053FB361DBE587E002BB0E7 /* AppDelegate.swift */ = {isa = PBXFileReference; lastKnownFileType = sourcecode.swift; path = AppDelegate.swift; sourceTree = "<group>"; };
		8053FB381DBE587E002BB0E7 /* ViewController.swift */ = {isa = PBXFileReference; lastKnownFileType = sourcecode.swift; path = ViewController.swift; sourceTree = "<group>"; };
		8053FB3B1DBE587E002BB0E7 /* Base */ = {isa = PBXFileReference; lastKnownFileType = file.storyboard; name = Base; path = Base.lproj/Main.storyboard; sourceTree = "<group>"; };
		8053FB3E1DBE587E002BB0E7 /* TableViewPractice.xcdatamodel */ = {isa = PBXFileReference; lastKnownFileType = wrapper.xcdatamodel; path = TableViewPractice.xcdatamodel; sourceTree = "<group>"; };
		8053FB401DBE587E002BB0E7 /* Assets.xcassets */ = {isa = PBXFileReference; lastKnownFileType = folder.assetcatalog; path = Assets.xcassets; sourceTree = "<group>"; };
		8053FB431DBE587E002BB0E7 /* Base */ = {isa = PBXFileReference; lastKnownFileType = file.storyboard; name = Base; path = Base.lproj/LaunchScreen.storyboard; sourceTree = "<group>"; };
		8053FB451DBE587E002BB0E7 /* Info.plist */ = {isa = PBXFileReference; lastKnownFileType = text.plist.xml; path = Info.plist; sourceTree = "<group>"; };
		8053FB4A1DBE587E002BB0E7 /* TableViewPracticeTests.xctest */ = {isa = PBXFileReference; explicitFileType = wrapper.cfbundle; includeInIndex = 0; path = TableViewPracticeTests.xctest; sourceTree = BUILT_PRODUCTS_DIR; };
		8053FB4E1DBE587E002BB0E7 /* TableViewPracticeTests.swift */ = {isa = PBXFileReference; lastKnownFileType = sourcecode.swift; path = TableViewPracticeTests.swift; sourceTree = "<group>"; };
		8053FB501DBE587E002BB0E7 /* Info.plist */ = {isa = PBXFileReference; lastKnownFileType = text.plist.xml; path = Info.plist; sourceTree = "<group>"; };
		8053FB551DBE587E002BB0E7 /* TableViewPracticeUITests.xctest */ = {isa = PBXFileReference; explicitFileType = wrapper.cfbundle; includeInIndex = 0; path = TableViewPracticeUITests.xctest; sourceTree = BUILT_PRODUCTS_DIR; };
		8053FB591DBE587E002BB0E7 /* TableViewPracticeUITests.swift */ = {isa = PBXFileReference; lastKnownFileType = sourcecode.swift; path = TableViewPracticeUITests.swift; sourceTree = "<group>"; };
		8053FB5B1DBE587E002BB0E7 /* Info.plist */ = {isa = PBXFileReference; lastKnownFileType = text.plist.xml; path = Info.plist; sourceTree = "<group>"; };
		8053FB691DBE86AE002BB0E7 /* SecondViewController.swift */ = {isa = PBXFileReference; fileEncoding = 4; lastKnownFileType = sourcecode.swift; name = SecondViewController.swift; path = ../SecondViewController.swift; sourceTree = "<group>"; };
/* End PBXFileReference section */

/* Begin PBXFrameworksBuildPhase section */
		8053FB301DBE587E002BB0E7 /* Frameworks */ = {
			isa = PBXFrameworksBuildPhase;
			buildActionMask = 2147483647;
			files = (
			);
			runOnlyForDeploymentPostprocessing = 0;
		};
		8053FB471DBE587E002BB0E7 /* Frameworks */ = {
			isa = PBXFrameworksBuildPhase;
			buildActionMask = 2147483647;
			files = (
			);
			runOnlyForDeploymentPostprocessing = 0;
		};
		8053FB521DBE587E002BB0E7 /* Frameworks */ = {
			isa = PBXFrameworksBuildPhase;
			buildActionMask = 2147483647;
			files = (
			);
			runOnlyForDeploymentPostprocessing = 0;
		};
/* End PBXFrameworksBuildPhase section */

/* Begin PBXGroup section */
		8053FB2A1DBE587E002BB0E7 = {
			isa = PBXGroup;
			children = (
				8053FB351DBE587E002BB0E7 /* TableViewPractice */,
				8053FB4D1DBE587E002BB0E7 /* TableViewPracticeTests */,
				8053FB581DBE587E002BB0E7 /* TableViewPracticeUITests */,
				8053FB341DBE587E002BB0E7 /* Products */,
			);
			sourceTree = "<group>";
		};
		8053FB341DBE587E002BB0E7 /* Products */ = {
			isa = PBXGroup;
			children = (
				8053FB331DBE587E002BB0E7 /* TableViewPractice.app */,
				8053FB4A1DBE587E002BB0E7 /* TableViewPracticeTests.xctest */,
				8053FB551DBE587E002BB0E7 /* TableViewPracticeUITests.xctest */,
			);
			name = Products;
			sourceTree = "<group>";
		};
		8053FB351DBE587E002BB0E7 /* TableViewPractice */ = {
			isa = PBXGroup;
			children = (
				8053FB361DBE587E002BB0E7 /* AppDelegate.swift */,
				8053FB381DBE587E002BB0E7 /* ViewController.swift */,
				8053FB691DBE86AE002BB0E7 /* SecondViewController.swift */,
				8053FB3A1DBE587E002BB0E7 /* Main.storyboard */,
				8053FB401DBE587E002BB0E7 /* Assets.xcassets */,
				8053FB421DBE587E002BB0E7 /* LaunchScreen.storyboard */,
				8053FB451DBE587E002BB0E7 /* Info.plist */,
				8053FB3D1DBE587E002BB0E7 /* TableViewPractice.xcdatamodeld */,
			);
			path = TableViewPractice;
			sourceTree = "<group>";
		};
		8053FB4D1DBE587E002BB0E7 /* TableViewPracticeTests */ = {
			isa = PBXGroup;
			children = (
				8053FB4E1DBE587E002BB0E7 /* TableViewPracticeTests.swift */,
				8053FB501DBE587E002BB0E7 /* Info.plist */,
			);
			path = TableViewPracticeTests;
			sourceTree = "<group>";
		};
		8053FB581DBE587E002BB0E7 /* TableViewPracticeUITests */ = {
			isa = PBXGroup;
			children = (
				8053FB591DBE587E002BB0E7 /* TableViewPracticeUITests.swift */,
				8053FB5B1DBE587E002BB0E7 /* Info.plist */,
			);
			path = TableViewPracticeUITests;
			sourceTree = "<group>";
		};
/* End PBXGroup section */

/* Begin PBXNativeTarget section */
		8053FB321DBE587E002BB0E7 /* TableViewPractice */ = {
			isa = PBXNativeTarget;
			buildConfigurationList = 8053FB5E1DBE587E002BB0E7 /* Build configuration list for PBXNativeTarget "TableViewPractice" */;
			buildPhases = (
				8053FB2F1DBE587E002BB0E7 /* Sources */,
				8053FB301DBE587E002BB0E7 /* Frameworks */,
				8053FB311DBE587E002BB0E7 /* Resources */,
			);
			buildRules = (
			);
			dependencies = (
			);
			name = TableViewPractice;
			productName = TableViewPractice;
			productReference = 8053FB331DBE587E002BB0E7 /* TableViewPractice.app */;
			productType = "com.apple.product-type.application";
		};
		8053FB491DBE587E002BB0E7 /* TableViewPracticeTests */ = {
			isa = PBXNativeTarget;
			buildConfigurationList = 8053FB611DBE587E002BB0E7 /* Build configuration list for PBXNativeTarget "TableViewPracticeTests" */;
			buildPhases = (
				8053FB461DBE587E002BB0E7 /* Sources */,
				8053FB471DBE587E002BB0E7 /* Frameworks */,
				8053FB481DBE587E002BB0E7 /* Resources */,
			);
			buildRules = (
			);
			dependencies = (
				8053FB4C1DBE587E002BB0E7 /* PBXTargetDependency */,
			);
			name = TableViewPracticeTests;
			productName = TableViewPracticeTests;
			productReference = 8053FB4A1DBE587E002BB0E7 /* TableViewPracticeTests.xctest */;
			productType = "com.apple.product-type.bundle.unit-test";
		};
		8053FB541DBE587E002BB0E7 /* TableViewPracticeUITests */ = {
			isa = PBXNativeTarget;
			buildConfigurationList = 8053FB641DBE587E002BB0E7 /* Build configuration list for PBXNativeTarget "TableViewPracticeUITests" */;
			buildPhases = (
				8053FB511DBE587E002BB0E7 /* Sources */,
				8053FB521DBE587E002BB0E7 /* Frameworks */,
				8053FB531DBE587E002BB0E7 /* Resources */,
			);
			buildRules = (
			);
			dependencies = (
				8053FB571DBE587E002BB0E7 /* PBXTargetDependency */,
			);
			name = TableViewPracticeUITests;
			productName = TableViewPracticeUITests;
			productReference = 8053FB551DBE587E002BB0E7 /* TableViewPracticeUITests.xctest */;
			productType = "com.apple.product-type.bundle.ui-testing";
		};
/* End PBXNativeTarget section */

/* Begin PBXProject section */
		8053FB2B1DBE587E002BB0E7 /* Project object */ = {
			isa = PBXProject;
			attributes = {
				LastSwiftUpdateCheck = 0810;
				LastUpgradeCheck = 0810;
				ORGANIZATIONNAME = Arif;
				TargetAttributes = {
					8053FB321DBE587E002BB0E7 = {
						CreatedOnToolsVersion = 8.1;
						ProvisioningStyle = Automatic;
					};
					8053FB491DBE587E002BB0E7 = {
						CreatedOnToolsVersion = 8.1;
						ProvisioningStyle = Automatic;
						TestTargetID = 8053FB321DBE587E002BB0E7;
					};
					8053FB541DBE587E002BB0E7 = {
						CreatedOnToolsVersion = 8.1;
						ProvisioningStyle = Automatic;
						TestTargetID = 8053FB321DBE587E002BB0E7;
					};
				};
			};
			buildConfigurationList = 8053FB2E1DBE587E002BB0E7 /* Build configuration list for PBXProject "TableViewPractice" */;
			compatibilityVersion = "Xcode 3.2";
			developmentRegion = English;
			hasScannedForEncodings = 0;
			knownRegions = (
				en,
				Base,
			);
			mainGroup = 8053FB2A1DBE587E002BB0E7;
			productRefGroup = 8053FB341DBE587E002BB0E7 /* Products */;
			projectDirPath = "";
			projectRoot = "";
			targets = (
				8053FB321DBE587E002BB0E7 /* TableViewPractice */,
				8053FB491DBE587E002BB0E7 /* TableViewPracticeTests */,
				8053FB541DBE587E002BB0E7 /* TableViewPracticeUITests */,
			);
		};
/* End PBXProject section */

/* Begin PBXResourcesBuildPhase section */
		8053FB311DBE587E002BB0E7 /* Resources */ = {
			isa = PBXResourcesBuildPhase;
			buildActionMask = 2147483647;
			files = (
				8053FB441DBE587E002BB0E7 /* LaunchScreen.storyboard in Resources */,
				8053FB411DBE587E002BB0E7 /* Assets.xcassets in Resources */,
				8053FB3C1DBE587E002BB0E7 /* Main.storyboard in Resources */,
			);
			runOnlyForDeploymentPostprocessing = 0;
		};
		8053FB481DBE587E002BB0E7 /* Resources */ = {
			isa = PBXResourcesBuildPhase;
			buildActionMask = 2147483647;
			files = (
			);
			runOnlyForDeploymentPostprocessing = 0;
		};
		8053FB531DBE587E002BB0E7 /* Resources */ = {
			isa = PBXResourcesBuildPhase;
			buildActionMask = 2147483647;
			files = (
			);
			runOnlyForDeploymentPostprocessing = 0;
		};
/* End PBXResourcesBuildPhase section */

/* Begin PBXSourcesBuildPhase section */
		8053FB2F1DBE587E002BB0E7 /* Sources */ = {
			isa = PBXSourcesBuildPhase;
			buildActionMask = 2147483647;
			files = (
				8053FB6A1DBE86AE002BB0E7 /* SecondViewController.swift in Sources */,
				8053FB391DBE587E002BB0E7 /* ViewController.swift in Sources */,
				8053FB371DBE587E002BB0E7 /* AppDelegate.swift in Sources */,
				8053FB3F1DBE587E002BB0E7 /* TableViewPractice.xcdatamodeld in Sources */,
			);
			runOnlyForDeploymentPostprocessing = 0;
		};
		8053FB461DBE587E002BB0E7 /* Sources */ = {
			isa = PBXSourcesBuildPhase;
			buildActionMask = 2147483647;
			files = (
				8053FB4F1DBE587E002BB0E7 /* TableViewPracticeTests.swift in Sources */,
			);
			runOnlyForDeploymentPostprocessing = 0;
		};
		8053FB511DBE587E002BB0E7 /* Sources */ = {
			isa = PBXSourcesBuildPhase;
			buildActionMask = 2147483647;
			files = (
				8053FB5A1DBE587E002BB0E7 /* TableViewPracticeUITests.swift in Sources */,
			);
			runOnlyForDeploymentPostprocessing = 0;
		};
/* End PBXSourcesBuildPhase section */

/* Begin PBXTargetDependency section */
		8053FB4C1DBE587E002BB0E7 /* PBXTargetDependency */ = {
			isa = PBXTargetDependency;
			target = 8053FB321DBE587E002BB0E7 /* TableViewPractice */;
			targetProxy = 8053FB4B1DBE587E002BB0E7 /* PBXContainerItemProxy */;
		};
		8053FB571DBE587E002BB0E7 /* PBXTargetDependency */ = {
			isa = PBXTargetDependency;
			target = 8053FB321DBE587E002BB0E7 /* TableViewPractice */;
			targetProxy = 8053FB561DBE587E002BB0E7 /* PBXContainerItemProxy */;
		};
/* End PBXTargetDependency section */

/* Begin PBXVariantGroup section */
		8053FB3A1DBE587E002BB0E7 /* Main.storyboard */ = {
			isa = PBXVariantGroup;
			children = (
				8053FB3B1DBE587E002BB0E7 /* Base */,
			);
			name = Main.storyboard;
			sourceTree = "<group>";
		};
		8053FB421DBE587E002BB0E7 /* LaunchScreen.storyboard */ = {
			isa = PBXVariantGroup;
			children = (
				8053FB431DBE587E002BB0E7 /* Base */,
			);
			name = LaunchScreen.storyboard;
			sourceTree = "<group>";
		};
/* End PBXVariantGroup section */

/* Begin XCBuildConfiguration section */
		8053FB5C1DBE587E002BB0E7 /* Debug */ = {
			isa = XCBuildConfiguration;
			buildSettings = {
				ALWAYS_SEARCH_USER_PATHS = NO;
				CLANG_ANALYZER_NONNULL = YES;
				CLANG_CXX_LANGUAGE_STANDARD = "gnu++0x";
				CLANG_CXX_LIBRARY = "libc++";
				CLANG_ENABLE_MODULES = YES;
				CLANG_ENABLE_OBJC_ARC = YES;
				CLANG_WARN_BOOL_CONVERSION = YES;
				CLANG_WARN_CONSTANT_CONVERSION = YES;
				CLANG_WARN_DIRECT_OBJC_ISA_USAGE = YES_ERROR;
				CLANG_WARN_DOCUMENTATION_COMMENTS = YES;
				CLANG_WARN_EMPTY_BODY = YES;
				CLANG_WARN_ENUM_CONVERSION = YES;
				CLANG_WARN_INFINITE_RECURSION = YES;
				CLANG_WARN_INT_CONVERSION = YES;
				CLANG_WARN_OBJC_ROOT_CLASS = YES_ERROR;
				CLANG_WARN_SUSPICIOUS_MOVES = YES;
				CLANG_WARN_UNREACHABLE_CODE = YES;
				CLANG_WARN__DUPLICATE_METHOD_MATCH = YES;
				"CODE_SIGN_IDENTITY[sdk=iphoneos*]" = "iPhone Developer";
				COPY_PHASE_STRIP = NO;
				DEBUG_INFORMATION_FORMAT = dwarf;
				ENABLE_STRICT_OBJC_MSGSEND = YES;
				ENABLE_TESTABILITY = YES;
				GCC_C_LANGUAGE_STANDARD = gnu99;
				GCC_DYNAMIC_NO_PIC = NO;
				GCC_NO_COMMON_BLOCKS = YES;
				GCC_OPTIMIZATION_LEVEL = 0;
				GCC_PREPROCESSOR_DEFINITIONS = (
					"DEBUG=1",
					"$(inherited)",
				);
				GCC_WARN_64_TO_32_BIT_CONVERSION = YES;
				GCC_WARN_ABOUT_RETURN_TYPE = YES_ERROR;
				GCC_WARN_UNDECLARED_SELECTOR = YES;
				GCC_WARN_UNINITIALIZED_AUTOS = YES_AGGRESSIVE;
				GCC_WARN_UNUSED_FUNCTION = YES;
				GCC_WARN_UNUSED_VARIABLE = YES;
				IPHONEOS_DEPLOYMENT_TARGET = 10.1;
				MTL_ENABLE_DEBUG_INFO = YES;
				ONLY_ACTIVE_ARCH = YES;
				SDKROOT = iphoneos;
				SWIFT_ACTIVE_COMPILATION_CONDITIONS = DEBUG;
				SWIFT_OPTIMIZATION_LEVEL = "-Onone";
				TARGETED_DEVICE_FAMILY = "1,2";
			};
			name = Debug;
		};
		8053FB5D1DBE587E002BB0E7 /* Release */ = {
			isa = XCBuildConfiguration;
			buildSettings = {
				ALWAYS_SEARCH_USER_PATHS = NO;
				CLANG_ANALYZER_NONNULL = YES;
				CLANG_CXX_LANGUAGE_STANDARD = "gnu++0x";
				CLANG_CXX_LIBRARY = "libc++";
				CLANG_ENABLE_MODULES = YES;
				CLANG_ENABLE_OBJC_ARC = YES;
				CLANG_WARN_BOOL_CONVERSION = YES;
				CLANG_WARN_CONSTANT_CONVERSION = YES;
				CLANG_WARN_DIRECT_OBJC_ISA_USAGE = YES_ERROR;
				CLANG_WARN_DOCUMENTATION_COMMENTS = YES;
				CLANG_WARN_EMPTY_BODY = YES;
				CLANG_WARN_ENUM_CONVERSION = YES;
				CLANG_WARN_INFINITE_RECURSION = YES;
				CLANG_WARN_INT_CONVERSION = YES;
				CLANG_WARN_OBJC_ROOT_CLASS = YES_ERROR;
				CLANG_WARN_SUSPICIOUS_MOVES = YES;
				CLANG_WARN_UNREACHABLE_CODE = YES;
				CLANG_WARN__DUPLICATE_METHOD_MATCH = YES;
				"CODE_SIGN_IDENTITY[sdk=iphoneos*]" = "iPhone Developer";
				COPY_PHASE_STRIP = NO;
				DEBUG_INFORMATION_FORMAT = "dwarf-with-dsym";
				ENABLE_NS_ASSERTIONS = NO;
				ENABLE_STRICT_OBJC_MSGSEND = YES;
				GCC_C_LANGUAGE_STANDARD = gnu99;
				GCC_NO_COMMON_BLOCKS = YES;
				GCC_WARN_64_TO_32_BIT_CONVERSION = YES;
				GCC_WARN_ABOUT_RETURN_TYPE = YES_ERROR;
				GCC_WARN_UNDECLARED_SELECTOR = YES;
				GCC_WARN_UNINITIALIZED_AUTOS = YES_AGGRESSIVE;
				GCC_WARN_UNUSED_FUNCTION = YES;
				GCC_WARN_UNUSED_VARIABLE = YES;
				IPHONEOS_DEPLOYMENT_TARGET = 10.1;
				MTL_ENABLE_DEBUG_INFO = NO;
				SDKROOT = iphoneos;
				SWIFT_OPTIMIZATION_LEVEL = "-Owholemodule";
				TARGETED_DEVICE_FAMILY = "1,2";
				VALIDATE_PRODUCT = YES;
			};
			name = Release;
		};
		8053FB5F1DBE587E002BB0E7 /* Debug */ = {
			isa = XCBuildConfiguration;
			buildSettings = {
				ASSETCATALOG_COMPILER_APPICON_NAME = AppIcon;
				INFOPLIST_FILE = TableViewPractice/Info.plist;
				LD_RUNPATH_SEARCH_PATHS = "$(inherited) @executable_path/Frameworks";
				PRODUCT_BUNDLE_IDENTIFIER = com.arif.hasnat.TableViewPractice;
				PRODUCT_NAME = "$(TARGET_NAME)";
				SWIFT_VERSION = 3.0;
			};
			name = Debug;
		};
		8053FB601DBE587E002BB0E7 /* Release */ = {
			isa = XCBuildConfiguration;
			buildSettings = {
				ASSETCATALOG_COMPILER_APPICON_NAME = AppIcon;
				INFOPLIST_FILE = TableViewPractice/Info.plist;
				LD_RUNPATH_SEARCH_PATHS = "$(inherited) @executable_path/Frameworks";
				PRODUCT_BUNDLE_IDENTIFIER = com.arif.hasnat.TableViewPractice;
				PRODUCT_NAME = "$(TARGET_NAME)";
				SWIFT_VERSION = 3.0;
			};
			name = Release;
		};
		8053FB621DBE587E002BB0E7 /* Debug */ = {
			isa = XCBuildConfiguration;
			buildSettings = {
				ALWAYS_EMBED_SWIFT_STANDARD_LIBRARIES = YES;
				BUNDLE_LOADER = "$(TEST_HOST)";
				INFOPLIST_FILE = TableViewPracticeTests/Info.plist;
				LD_RUNPATH_SEARCH_PATHS = "$(inherited) @executable_path/Frameworks @loader_path/Frameworks";
				PRODUCT_BUNDLE_IDENTIFIER = com.arif.hasnat.TableViewPracticeTests;
				PRODUCT_NAME = "$(TARGET_NAME)";
				SWIFT_VERSION = 3.0;
				TEST_HOST = "$(BUILT_PRODUCTS_DIR)/TableViewPractice.app/TableViewPractice";
			};
			name = Debug;
		};
		8053FB631DBE587E002BB0E7 /* Release */ = {
			isa = XCBuildConfiguration;
			buildSettings = {
				ALWAYS_EMBED_SWIFT_STANDARD_LIBRARIES = YES;
				BUNDLE_LOADER = "$(TEST_HOST)";
				INFOPLIST_FILE = TableViewPracticeTests/Info.plist;
				LD_RUNPATH_SEARCH_PATHS = "$(inherited) @executable_path/Frameworks @loader_path/Frameworks";
				PRODUCT_BUNDLE_IDENTIFIER = com.arif.hasnat.TableViewPracticeTests;
				PRODUCT_NAME = "$(TARGET_NAME)";
				SWIFT_VERSION = 3.0;
				TEST_HOST = "$(BUILT_PRODUCTS_DIR)/TableViewPractice.app/TableViewPractice";
			};
			name = Release;
		};
		8053FB651DBE587E002BB0E7 /* Debug */ = {
			isa = XCBuildConfiguration;
			buildSettings = {
				ALWAYS_EMBED_SWIFT_STANDARD_LIBRARIES = YES;
				INFOPLIST_FILE = TableViewPracticeUITests/Info.plist;
				LD_RUNPATH_SEARCH_PATHS = "$(inherited) @executable_path/Frameworks @loader_path/Frameworks";
				PRODUCT_BUNDLE_IDENTIFIER = com.arif.hasnat.TableViewPracticeUITests;
				PRODUCT_NAME = "$(TARGET_NAME)";
				SWIFT_VERSION = 3.0;
				TEST_TARGET_NAME = TableViewPractice;
			};
			name = Debug;
		};
		8053FB661DBE587E002BB0E7 /* Release */ = {
			isa = XCBuildConfiguration;
			buildSettings = {
				ALWAYS_EMBED_SWIFT_STANDARD_LIBRARIES = YES;
				INFOPLIST_FILE = TableViewPracticeUITests/Info.plist;
				LD_RUNPATH_SEARCH_PATHS = "$(inherited) @executable_path/Frameworks @loader_path/Frameworks";
				PRODUCT_BUNDLE_IDENTIFIER = com.arif.hasnat.TableViewPracticeUITests;
				PRODUCT_NAME = "$(TARGET_NAME)";
				SWIFT_VERSION = 3.0;
				TEST_TARGET_NAME = TableViewPractice;
			};
			name = Release;
		};
/* End XCBuildConfiguration section */

/* Begin XCConfigurationList section */
		8053FB2E1DBE587E002BB0E7 /* Build configuration list for PBXProject "TableViewPractice" */ = {
			isa = XCConfigurationList;
			buildConfigurations = (
				8053FB5C1DBE587E002BB0E7 /* Debug */,
				8053FB5D1DBE587E002BB0E7 /* Release */,
			);
			defaultConfigurationIsVisible = 0;
			defaultConfigurationName = Release;
		};
		8053FB5E1DBE587E002BB0E7 /* Build configuration list for PBXNativeTarget "TableViewPractice" */ = {
			isa = XCConfigurationList;
			buildConfigurations = (
				8053FB5F1DBE587E002BB0E7 /* Debug */,
				8053FB601DBE587E002BB0E7 /* Release */,
			);
			defaultConfigurationIsVisible = 0;
		};
		8053FB611DBE587E002BB0E7 /* Build configuration list for PBXNativeTarget "TableViewPracticeTests" */ = {
			isa = XCConfigurationList;
			buildConfigurations = (
				8053FB621DBE587E002BB0E7 /* Debug */,
				8053FB631DBE587E002BB0E7 /* Release */,
			);
			defaultConfigurationIsVisible = 0;
		};
		8053FB641DBE587E002BB0E7 /* Build configuration list for PBXNativeTarget "TableViewPracticeUITests" */ = {
			isa = XCConfigurationList;
			buildConfigurations = (
				8053FB651DBE587E002BB0E7 /* Debug */,
				8053FB661DBE587E002BB0E7 /* Release */,
			);
			defaultConfigurationIsVisible = 0;
		};
/* End XCConfigurationList section */

/* Begin XCVersionGroup section */
		8053FB3D1DBE587E002BB0E7 /* TableViewPractice.xcdatamodeld */ = {
			isa = XCVersionGroup;
			children = (
				8053FB3E1DBE587E002BB0E7 /* TableViewPractice.xcdatamodel */,
			);
			currentVersion = 8053FB3E1DBE587E002BB0E7 /* TableViewPractice.xcdatamodel */;
			path = TableViewPractice.xcdatamodeld;
			sourceTree = "<group>";
			versionGroupType = wrapper.xcdatamodel;
		};
/* End XCVersionGroup section */
	};
	rootObject = 8053FB2B1DBE587E002BB0E7 /* Project object */;
}
